// !$*UTF8*$!
{
	archiveVersion = 1;
	classes = {
	};
	objectVersion = 46;
	objects = {

/* Begin PBXBuildFile section */
		04E432981B8ACD5100E07B72 /* main.m in Sources */ = {isa = PBXBuildFile; fileRef = 04E432971B8ACD5100E07B72 /* main.m */; };
		04E4329B1B8ACD5100E07B72 /* AppDelegate.m in Sources */ = {isa = PBXBuildFile; fileRef = 04E4329A1B8ACD5100E07B72 /* AppDelegate.m */; };
		04E4329E1B8ACD5100E07B72 /* ViewController.m in Sources */ = {isa = PBXBuildFile; fileRef = 04E4329D1B8ACD5100E07B72 /* ViewController.m */; };
		04E432A11B8ACD5100E07B72 /* Main.storyboard in Resources */ = {isa = PBXBuildFile; fileRef = 04E4329F1B8ACD5100E07B72 /* Main.storyboard */; };
		04E432A31B8ACD5100E07B72 /* Images.xcassets in Resources */ = {isa = PBXBuildFile; fileRef = 04E432A21B8ACD5100E07B72 /* Images.xcassets */; };
		04E432A61B8ACD5100E07B72 /* LaunchScreen.xib in Resources */ = {isa = PBXBuildFile; fileRef = 04E432A41B8ACD5100E07B72 /* LaunchScreen.xib */; };
		04E432B21B8ACD5100E07B72 /* AlphabeticalTableTests.m in Sources */ = {isa = PBXBuildFile; fileRef = 04E432B11B8ACD5100E07B72 /* AlphabeticalTableTests.m */; };
/* End PBXBuildFile section */

/* Begin PBXContainerItemProxy section */
		04E432AC1B8ACD5100E07B72 /* PBXContainerItemProxy */ = {
			isa = PBXContainerItemProxy;
			containerPortal = 04E4328A1B8ACD5100E07B72 /* Project object */;
			proxyType = 1;
			remoteGlobalIDString = 04E432911B8ACD5100E07B72;
			remoteInfo = AlphabeticalTable;
		};
/* End PBXContainerItemProxy section */

/* Begin PBXFileReference section */
		04E432921B8ACD5100E07B72 /* AlphabeticalTable.app */ = {isa = PBXFileReference; explicitFileType = wrapper.application; includeInIndex = 0; path = AlphabeticalTable.app; sourceTree = BUILT_PRODUCTS_DIR; };
		04E432961B8ACD5100E07B72 /* Info.plist */ = {isa = PBXFileReference; lastKnownFileType = text.plist.xml; path = Info.plist; sourceTree = "<group>"; };
		04E432971B8ACD5100E07B72 /* main.m */ = {isa = PBXFileReference; lastKnownFileType = sourcecode.c.objc; path = main.m; sourceTree = "<group>"; };
		04E432991B8ACD5100E07B72 /* AppDelegate.h */ = {isa = PBXFileReference; lastKnownFileType = sourcecode.c.h; path = AppDelegate.h; sourceTree = "<group>"; };
		04E4329A1B8ACD5100E07B72 /* AppDelegate.m */ = {isa = PBXFileReference; lastKnownFileType = sourcecode.c.objc; path = AppDelegate.m; sourceTree = "<group>"; };
		04E4329C1B8ACD5100E07B72 /* ViewController.h */ = {isa = PBXFileReference; lastKnownFileType = sourcecode.c.h; path = ViewController.h; sourceTree = "<group>"; };
		04E4329D1B8ACD5100E07B72 /* ViewController.m */ = {isa = PBXFileReference; lastKnownFileType = sourcecode.c.objc; path = ViewController.m; sourceTree = "<group>"; };
		04E432A01B8ACD5100E07B72 /* Base */ = {isa = PBXFileReference; lastKnownFileType = file.storyboard; name = Base; path = Base.lproj/Main.storyboard; sourceTree = "<group>"; };
		04E432A21B8ACD5100E07B72 /* Images.xcassets */ = {isa = PBXFileReference; lastKnownFileType = folder.assetcatalog; path = Images.xcassets; sourceTree = "<group>"; };
		04E432A51B8ACD5100E07B72 /* Base */ = {isa = PBXFileReference; lastKnownFileType = file.xib; name = Base; path = Base.lproj/LaunchScreen.xib; sourceTree = "<group>"; };
		04E432AB1B8ACD5100E07B72 /* AlphabeticalTableTests.xctest */ = {isa = PBXFileReference; explicitFileType = wrapper.cfbundle; includeInIndex = 0; path = AlphabeticalTableTests.xctest; sourceTree = BUILT_PRODUCTS_DIR; };
		04E432B01B8ACD5100E07B72 /* Info.plist */ = {isa = PBXFileReference; lastKnownFileType = text.plist.xml; path = Info.plist; sourceTree = "<group>"; };
		04E432B11B8ACD5100E07B72 /* AlphabeticalTableTests.m */ = {isa = PBXFileReference; lastKnownFileType = sourcecode.c.objc; path = AlphabeticalTableTests.m; sourceTree = "<group>"; };
/* End PBXFileReference section */

/* Begin PBXFrameworksBuildPhase section */
		04E4328F1B8ACD5100E07B72 /* Frameworks */ = {
			isa = PBXFrameworksBuildPhase;
			buildActionMask = 2147483647;
			files = (
			);
			runOnlyForDeploymentPostprocessing = 0;
		};
		04E432A81B8ACD5100E07B72 /* Frameworks */ = {
			isa = PBXFrameworksBuildPhase;
			buildActionMask = 2147483647;
			files = (
			);
			runOnlyForDeploymentPostprocessing = 0;
		};
/* End PBXFrameworksBuildPhase section */

/* Begin PBXGroup section */
		04E432891B8ACD5100E07B72 = {
			isa = PBXGroup;
			children = (
				04E432941B8ACD5100E07B72 /* AlphabeticalTable */,
				04E432AE1B8ACD5100E07B72 /* AlphabeticalTableTests */,
				04E432931B8ACD5100E07B72 /* Products */,
			);
			sourceTree = "<group>";
		};
		04E432931B8ACD5100E07B72 /* Products */ = {
			isa = PBXGroup;
			children = (
				04E432921B8ACD5100E07B72 /* AlphabeticalTable.app */,
				04E432AB1B8ACD5100E07B72 /* AlphabeticalTableTests.xctest */,
			);
			name = Products;
			sourceTree = "<group>";
		};
		04E432941B8ACD5100E07B72 /* AlphabeticalTable */ = {
			isa = PBXGroup;
			children = (
				04E432991B8ACD5100E07B72 /* AppDelegate.h */,
				04E4329A1B8ACD5100E07B72 /* AppDelegate.m */,
				04E4329C1B8ACD5100E07B72 /* ViewController.h */,
				04E4329D1B8ACD5100E07B72 /* ViewController.m */,
				04E4329F1B8ACD5100E07B72 /* Main.storyboard */,
				04E432A21B8ACD5100E07B72 /* Images.xcassets */,
				04E432A41B8ACD5100E07B72 /* LaunchScreen.xib */,
				04E432951B8ACD5100E07B72 /* Supporting Files */,
			);
			path = AlphabeticalTable;
			sourceTree = "<group>";
		};
		04E432951B8ACD5100E07B72 /* Supporting Files */ = {
			isa = PBXGroup;
			children = (
				04E432961B8ACD5100E07B72 /* Info.plist */,
				04E432971B8ACD5100E07B72 /* main.m */,
			);
			name = "Supporting Files";
			sourceTree = "<group>";
		};
		04E432AE1B8ACD5100E07B72 /* AlphabeticalTableTests */ = {
			isa = PBXGroup;
			children = (
				04E432B11B8ACD5100E07B72 /* AlphabeticalTableTests.m */,
				04E432AF1B8ACD5100E07B72 /* Supporting Files */,
			);
			path = AlphabeticalTableTests;
			sourceTree = "<group>";
		};
		04E432AF1B8ACD5100E07B72 /* Supporting Files */ = {
			isa = PBXGroup;
			children = (
				04E432B01B8ACD5100E07B72 /* Info.plist */,
			);
			name = "Supporting Files";
			sourceTree = "<group>";
		};
/* End PBXGroup section */

/* Begin PBXNativeTarget section */
		04E432911B8ACD5100E07B72 /* AlphabeticalTable */ = {
			isa = PBXNativeTarget;
			buildConfigurationList = 04E432B51B8ACD5100E07B72 /* Build configuration list for PBXNativeTarget "AlphabeticalTable" */;
			buildPhases = (
				04E4328E1B8ACD5100E07B72 /* Sources */,
				04E4328F1B8ACD5100E07B72 /* Frameworks */,
				04E432901B8ACD5100E07B72 /* Resources */,
			);
			buildRules = (
			);
			dependencies = (
			);
			name = AlphabeticalTable;
			productName = AlphabeticalTable;
			productReference = 04E432921B8ACD5100E07B72 /* AlphabeticalTable.app */;
			productType = "com.apple.product-type.application";
		};
		04E432AA1B8ACD5100E07B72 /* AlphabeticalTableTests */ = {
			isa = PBXNativeTarget;
			buildConfigurationList = 04E432B81B8ACD5100E07B72 /* Build configuration list for PBXNativeTarget "AlphabeticalTableTests" */;
			buildPhases = (
				04E432A71B8ACD5100E07B72 /* Sources */,
				04E432A81B8ACD5100E07B72 /* Frameworks */,
				04E432A91B8ACD5100E07B72 /* Resources */,
			);
			buildRules = (
			);
			dependencies = (
				04E432AD1B8ACD5100E07B72 /* PBXTargetDependency */,
			);
			name = AlphabeticalTableTests;
			productName = AlphabeticalTableTests;
			productReference = 04E432AB1B8ACD5100E07B72 /* AlphabeticalTableTests.xctest */;
			productType = "com.apple.product-type.bundle.unit-test";
		};
/* End PBXNativeTarget section */

/* Begin PBXProject section */
		04E4328A1B8ACD5100E07B72 /* Project object */ = {
			isa = PBXProject;
			attributes = {
				LastUpgradeCheck = 0640;
				ORGANIZATIONNAME = vstacks;
				TargetAttributes = {
					04E432911B8ACD5100E07B72 = {
						CreatedOnToolsVersion = 6.4;
					};
					04E432AA1B8ACD5100E07B72 = {
						CreatedOnToolsVersion = 6.4;
						TestTargetID = 04E432911B8ACD5100E07B72;
					};
				};
			};
			buildConfigurationList = 04E4328D1B8ACD5100E07B72 /* Build configuration list for PBXProject "AlphabeticalTable" */;
			compatibilityVersion = "Xcode 3.2";
			developmentRegion = English;
			hasScannedForEncodings = 0;
			knownRegions = (
				en,
				Base,
			);
			mainGroup = 04E432891B8ACD5100E07B72;
			productRefGroup = 04E432931B8ACD5100E07B72 /* Products */;
			projectDirPath = "";
			projectRoot = "";
			targets = (
				04E432911B8ACD5100E07B72 /* AlphabeticalTable */,
				04E432AA1B8ACD5100E07B72 /* AlphabeticalTableTests */,
			);
		};
/* End PBXProject section */

/* Begin PBXResourcesBuildPhase section */
		04E432901B8ACD5100E07B72 /* Resources */ = {
			isa = PBXResourcesBuildPhase;
			buildActionMask = 2147483647;
			files = (
				04E432A11B8ACD5100E07B72 /* Main.storyboard in Resources */,
				04E432A61B8ACD5100E07B72 /* LaunchScreen.xib in Resources */,
				04E432A31B8ACD5100E07B72 /* Images.xcassets in Resources */,
			);
			runOnlyForDeploymentPostprocessing = 0;
		};
		04E432A91B8ACD5100E07B72 /* Resources */ = {
			isa = PBXResourcesBuildPhase;
			buildActionMask = 2147483647;
			files = (
			);
			runOnlyForDeploymentPostprocessing = 0;
		};
/* End PBXResourcesBuildPhase section */

/* Begin PBXSourcesBuildPhase section */
		04E4328E1B8ACD5100E07B72 /* Sources */ = {
			isa = PBXSourcesBuildPhase;
			buildActionMask = 2147483647;
			files = (
				04E4329E1B8ACD5100E07B72 /* ViewController.m in Sources */,
				04E4329B1B8ACD5100E07B72 /* AppDelegate.m in Sources */,
				04E432981B8ACD5100E07B72 /* main.m in Sources */,
			);
			runOnlyForDeploymentPostprocessing = 0;
		};
		04E432A71B8ACD5100E07B72 /* Sources */ = {
			isa = PBXSourcesBuildPhase;
			buildActionMask = 2147483647;
			files = (
				04E432B21B8ACD5100E07B72 /* AlphabeticalTableTests.m in Sources */,
			);
			runOnlyForDeploymentPostprocessing = 0;
		};
/* End PBXSourcesBuildPhase section */

/* Begin PBXTargetDependency section */
		04E432AD1B8ACD5100E07B72 /* PBXTargetDependency */ = {
			isa = PBXTargetDependency;
			target = 04E432911B8ACD5100E07B72 /* AlphabeticalTable */;
			targetProxy = 04E432AC1B8ACD5100E07B72 /* PBXContainerItemProxy */;
		};
/* End PBXTargetDependency section */

/* Begin PBXVariantGroup section */
		04E4329F1B8ACD5100E07B72 /* Main.storyboard */ = {
			isa = PBXVariantGroup;
			children = (
				04E432A01B8ACD5100E07B72 /* Base */,
			);
			name = Main.storyboard;
			sourceTree = "<group>";
		};
		04E432A41B8ACD5100E07B72 /* LaunchScreen.xib */ = {
			isa = PBXVariantGroup;
			children = (
				04E432A51B8ACD5100E07B72 /* Base */,
			);
			name = LaunchScreen.xib;
			sourceTree = "<group>";
		};
/* End PBXVariantGroup section */

/* Begin XCBuildConfiguration section */
		04E432B31B8ACD5100E07B72 /* Debug */ = {
			isa = XCBuildConfiguration;
			buildSettings = {
				ALWAYS_SEARCH_USER_PATHS = NO;
				CLANG_CXX_LANGUAGE_STANDARD = "gnu++0x";
				CLANG_CXX_LIBRARY = "libc++";
				CLANG_ENABLE_MODULES = YES;
				CLANG_ENABLE_OBJC_ARC = YES;
				CLANG_WARN_BOOL_CONVERSION = YES;
				CLANG_WARN_CONSTANT_CONVERSION = YES;
				CLANG_WARN_DIRECT_OBJC_ISA_USAGE = YES_ERROR;
				CLANG_WARN_EMPTY_BODY = YES;
				CLANG_WARN_ENUM_CONVERSION = YES;
				CLANG_WARN_INT_CONVERSION = YES;
				CLANG_WARN_OBJC_ROOT_CLASS = YES_ERROR;
				CLANG_WARN_UNREACHABLE_CODE = YES;
				CLANG_WARN__DUPLICATE_METHOD_MATCH = YES;
				"CODE_SIGN_IDENTITY[sdk=iphoneos*]" = "iPhone Developer";
				COPY_PHASE_STRIP = NO;
				DEBUG_INFORMATION_FORMAT = "dwarf-with-dsym";
				ENABLE_STRICT_OBJC_MSGSEND = YES;
				GCC_C_LANGUAGE_STANDARD = gnu99;
				GCC_DYNAMIC_NO_PIC = NO;
				GCC_NO_COMMON_BLOCKS = YES;
				GCC_OPTIMIZATION_LEVEL = 0;
				GCC_PREPROCESSOR_DEFINITIONS = (
					"DEBUG=1",
					"$(inherited)",
				);
				GCC_SYMBOLS_PRIVATE_EXTERN = NO;
				GCC_WARN_64_TO_32_BIT_CONVERSION = YES;
				GCC_WARN_ABOUT_RETURN_TYPE = YES_ERROR;
				GCC_WARN_UNDECLARED_SELECTOR = YES;
				GCC_WARN_UNINITIALIZED_AUTOS = YES_AGGRESSIVE;
				GCC_WARN_UNUSED_FUNCTION = YES;
				GCC_WARN_UNUSED_VARIABLE = YES;
				IPHONEOS_DEPLOYMENT_TARGET = 8.4;
				MTL_ENABLE_DEBUG_INFO = YES;
				ONLY_ACTIVE_ARCH = YES;
				SDKROOT = iphoneos;
			};
			name = Debug;
		};
		04E432B41B8ACD5100E07B72 /* Release */ = {
			isa = XCBuildConfiguration;
			buildSettings = {
				ALWAYS_SEARCH_USER_PATHS = NO;
				CLANG_CXX_LANGUAGE_STANDARD = "gnu++0x";
				CLANG_CXX_LIBRARY = "libc++";
				CLANG_ENABLE_MODULES = YES;
				CLANG_ENABLE_OBJC_ARC = YES;
				CLANG_WARN_BOOL_CONVERSION = YES;
				CLANG_WARN_CONSTANT_CONVERSION = YES;
				CLANG_WARN_DIRECT_OBJC_ISA_USAGE = YES_ERROR;
				CLANG_WARN_EMPTY_BODY = YES;
				CLANG_WARN_ENUM_CONVERSION = YES;
				CLANG_WARN_INT_CONVERSION = YES;
				CLANG_WARN_OBJC_ROOT_CLASS = YES_ERROR;
				CLANG_WARN_UNREACHABLE_CODE = YES;
				CLANG_WARN__DUPLICATE_METHOD_MATCH = YES;
				"CODE_SIGN_IDENTITY[sdk=iphoneos*]" = "iPhone Developer";
				COPY_PHASE_STRIP = NO;
				DEBUG_INFORMATION_FORMAT = "dwarf-with-dsym";
				ENABLE_NS_ASSERTIONS = NO;
				ENABLE_STRICT_OBJC_MSGSEND = YES;
				GCC_C_LANGUAGE_STANDARD = gnu99;
				GCC_NO_COMMON_BLOCKS = YES;
				GCC_WARN_64_TO_32_BIT_CONVERSION = YES;
				GCC_WARN_ABOUT_RETURN_TYPE = YES_ERROR;
				GCC_WARN_UNDECLARED_SELECTOR = YES;
				GCC_WARN_UNINITIALIZED_AUTOS = YES_AGGRESSIVE;
				GCC_WARN_UNUSED_FUNCTION = YES;
				GCC_WARN_UNUSED_VARIABLE = YES;
				IPHONEOS_DEPLOYMENT_TARGET = 8.4;
				MTL_ENABLE_DEBUG_INFO = NO;
				SDKROOT = iphoneos;
				VALIDATE_PRODUCT = YES;
			};
			name = Release;
		};
		04E432B61B8ACD5100E07B72 /* Debug */ = {
			isa = XCBuildConfiguration;
			buildSettings = {
				ASSETCATALOG_COMPILER_APPICON_NAME = AppIcon;
				INFOPLIST_FILE = AlphabeticalTable/Info.plist;
				LD_RUNPATH_SEARCH_PATHS = "$(inherited) @executable_path/Frameworks";
				PRODUCT_NAME = "$(TARGET_NAME)";
			};
			name = Debug;
		};
		04E432B71B8ACD5100E07B72 /* Release */ = {
			isa = XCBuildConfiguration;
			buildSettings = {
				ASSETCATALOG_COMPILER_APPICON_NAME = AppIcon;
				INFOPLIST_FILE = AlphabeticalTable/Info.plist;
				LD_RUNPATH_SEARCH_PATHS = "$(inherited) @executable_path/Frameworks";
				PRODUCT_NAME = "$(TARGET_NAME)";
			};
			name = Release;
		};
		04E432B91B8ACD5100E07B72 /* Debug */ = {
			isa = XCBuildConfiguration;
			buildSettings = {
				BUNDLE_LOADER = "$(TEST_HOST)";
				FRAMEWORK_SEARCH_PATHS = (
					"$(SDKROOT)/Developer/Library/Frameworks",
					"$(inherited)",
				);
				GCC_PREPROCESSOR_DEFINITIONS = (
					"DEBUG=1",
					"$(inherited)",
				);
				INFOPLIST_FILE = AlphabeticalTableTests/Info.plist;
				LD_RUNPATH_SEARCH_PATHS = "$(inherited) @executable_path/Frameworks @loader_path/Frameworks";
				PRODUCT_NAME = "$(TARGET_NAME)";
				TEST_HOST = "$(BUILT_PRODUCTS_DIR)/AlphabeticalTable.app/AlphabeticalTable";
			};
			name = Debug;
		};
		04E432BA1B8ACD5100E07B72 /* Release */ = {
			isa = XCBuildConfiguration;
			buildSettings = {
				BUNDLE_LOADER = "$(TEST_HOST)";
				FRAMEWORK_SEARCH_PATHS = (
					"$(SDKROOT)/Developer/Library/Frameworks",
					"$(inherited)",
				);
				INFOPLIST_FILE = AlphabeticalTableTests/Info.plist;
				LD_RUNPATH_SEARCH_PATHS = "$(inherited) @executable_path/Frameworks @loader_path/Frameworks";
				PRODUCT_NAME = "$(TARGET_NAME)";
				TEST_HOST = "$(BUILT_PRODUCTS_DIR)/AlphabeticalTable.app/AlphabeticalTable";
			};
			name = Release;
		};
/* End XCBuildConfiguration section */

/* Begin XCConfigurationList section */
		04E4328D1B8ACD5100E07B72 /* Build configuration list for PBXProject "AlphabeticalTable" */ = {
			isa = XCConfigurationList;
			buildConfigurations = (
				04E432B31B8ACD5100E07B72 /* Debug */,
				04E432B41B8ACD5100E07B72 /* Release */,
			);
			defaultConfigurationIsVisible = 0;
			defaultConfigurationName = Release;
		};
		04E432B51B8ACD5100E07B72 /* Build configuration list for PBXNativeTarget "AlphabeticalTable" */ = {
			isa = XCConfigurationList;
			buildConfigurations = (
				04E432B61B8ACD5100E07B72 /* Debug */,
				04E432B71B8ACD5100E07B72 /* Release */,
			);
			defaultConfigurationIsVisible = 0;
		};
		04E432B81B8ACD5100E07B72 /* Build configuration list for PBXNativeTarget "AlphabeticalTableTests" */ = {
			isa = XCConfigurationList;
			buildConfigurations = (
				04E432B91B8ACD5100E07B72 /* Debug */,
				04E432BA1B8ACD5100E07B72 /* Release */,
			);
			defaultConfigurationIsVisible = 0;
		};
/* End XCConfigurationList section */
	};
	rootObject = 04E4328A1B8ACD5100E07B72 /* Project object */;
}
